# This file is autogenerated, do not edit; changes may be undone by the next 'dep ensure'.

memo = "de46f6fccf5c11bfeea6022a6c14e75845a17375fdb5008f4f71a45d415d13ad"

[[projects]]
  name = "github.com/aws/aws-sdk-go"
  packages = ["aws","aws/awserr","aws/awsutil","aws/client","aws/client/metadata","aws/corehandlers","aws/credentials","aws/credentials/ec2rolecreds","aws/credentials/endpointcreds","aws/credentials/stscreds","aws/defaults","aws/ec2metadata","aws/endpoints","aws/request","aws/session","aws/signer/v4","private/protocol","private/protocol/query","private/protocol/query/queryutil","private/protocol/rest","private/protocol/restxml","private/protocol/xml/xmlutil","service/s3","service/sts"]
  revision = "0dbc446aca87aebb6e0a24509b59bafc0e3ec0ae"
  version = "v1.8.19"

[[projects]]
  name = "github.com/go-ini/ini"
  packages = ["."]
  revision = "e7fea39b01aea8d5671f6858f0532f56e8bff3a5"
  version = "v1.27.0"

[[projects]]
  name = "github.com/jmespath/go-jmespath"
  packages = ["."]
  revision = "3433f3ea46d9f8019119e7dd41274e112a2359a9"
  version = "0.2.2"

[[projects]]
  name = "github.com/nats-io/go-nats"
  packages = ["."]
  revision = "61923ed1eaf8398000991fbbee2ef11ab5a5be0d"
  version = "v1.2.2"

[[projects]]
  name = "github.com/nats-io/nats"
  packages = ["encoders/builtin","util"]
  revision = "61923ed1eaf8398000991fbbee2ef11ab5a5be0d"
  version = "v1.2.2"

[[projects]]
  name = "github.com/nats-io/nuid"
  packages = ["."]
  revision = "289cccf02c178dc782430d534e3c1f5b72af807f"
  version = "v1.0.0"

[[projects]]
  name = "github.com/robfig/cron"
  packages = ["."]
  revision = "df38d32658d8788cd446ba74db4bb5375c4b0cb3"

[[projects]]
  branch = "master"
  name = "golang.org/x/sys"
  packages = ["unix"]
  revision = "d4feaf1a7e61e1d9e79e6c4e76c6349e9cab0a03"

[[projects]]
  branch = "master"
  name = "gopkg.in/yaml.v2"
  packages = ["."]
  revision = "a5b47d31c556af34a302ce5d659e6fea44d90de0"
